Microsoft Visual Studio Solution File, Format Version 12.00
# Visual Studio Version 17
VisualStudioVersion = 17.5.2.0
MinimumVisualStudioVersion = 10.0.40219.1
Project("{FAE04EC0-301F-11D3-BF4B-00C04F79EFBC}") = "FitnessProje.Web", "FitnessProje.Web.csproj", "{7CFBAB05-21A5-DE9C-C5EA-7EA4A51C0E2C}"
EndProject
Global
	GlobalSection(SolutionConfigurationPlatforms) = preSolution
		Debug|Any CPU = Debug|Any CPU
		Release|Any CPU = Release|Any CPU
	EndGlobalSection
	GlobalSection(ProjectConfigurationPlatforms) = postSolution
		{7CFBAB05-21A5-DE9C-C5EA-7EA4A51C0E2C}.Debug|Any CPU.ActiveCfg = Debug|Any CPU
		{7CFBAB05-21A5-DE9C-C5EA-7EA4A51C0E2C}.Debug|Any CPU.Build.0 = Debug|Any CPU
		{7CFBAB05-21A5-DE9C-C5EA-7EA4A51C0E2C}.Release|Any CPU.ActiveCfg = Release|Any CPU
		{7CFBAB05-21A5-DE9C-C5EA-7EA4A51C0E2C}.Release|Any CPU.Build.0 = Release|Any CPU
	EndGlobalSection
	GlobalSection(SolutionProperties) = preSolution
		HideSolutionNode = FALSE
	EndGlobalSection
	GlobalSection(ExtensibilityGlobals) = postSolution
		SolutionGuid = {E12F4EE0-940E-412B-A98B-7E610BA62C87}
	EndGlobalSection
EndGlobal
